
Microsoft Visual Studio Solution File, Format Version 12.00
# Visual Studio 15
VisualStudioVersion = 15.0.27130.2027
MinimumVisualStudioVersion = 10.0.40219.1
Project("{FAE04EC0-301F-11D3-BF4B-00C04F79EFBC}") = "ModAssistant", "ModAssistant\ModAssistant.csproj", "{6A224B82-40DA-40B3-94DC-EFBEC2BDDA39}"
EndProject
Global
	GlobalSection(SolutionConfigurationPlatforms) = preSolution
		Debug|Any CPU = Debug|Any CPU
		Release|Any CPU = Release|Any CPU
	EndGlobalSection
	GlobalSection(ProjectConfigurationPlatforms) = postSolution
		{6A224B82-40DA-40B3-94DC-EFBEC2BDDA39}.Debug|Any CPU.ActiveCfg = Debug|Any CPU
		{6A224B82-40DA-40B3-94DC-EFBEC2BDDA39}.Debug|Any CPU.Build.0 = Debug|Any CPU
		{6A224B82-40DA-40B3-94DC-EFBEC2BDDA39}.Release|Any CPU.ActiveCfg = Release|Any CPU
		{6A224B82-40DA-40B3-94DC-EFBEC2BDDA39}.Release|Any CPU.Build.0 = Release|Any CPU
	EndGlobalSection
	GlobalSection(SolutionProperties) = preSolution
		HideSolutionNode = FALSE
	EndGlobalSection
	GlobalSection(ExtensibilityGlobals) = postSolution
		SolutionGuid = {ACC0D20B-78C5-40AC-BF48-553C41D9987B}
	EndGlobalSection
EndGlobal
